
Microsoft Visual Studio Solution File, Format Version 12.00
# Visual Studio 14
VisualStudioVersion = 14.0.23107.0
MinimumVisualStudioVersion = 10.0.40219.1
Project("{FAE04EC0-301F-11D3-BF4B-00C04F79EFBC}") = "DevArchProject.ProjectType", "Clients\VisualStudio\DevArchProject\DevArchProject.ProjectType\DevArchProject.ProjectType.csproj", "{F0DCF027-7BCF-4914-BA7D-5D7EF733CF5D}"
EndProject
Project("{FAE04EC0-301F-11D3-BF4B-00C04F79EFBC}") = "DevArchProject.ProjectTemplate", "Clients\VisualStudio\DevArchProject\DevArchProject.ProjectTemplate\DevArchProject.ProjectTemplate.csproj", "{D327C451-398C-4B19-804C-747444EF7F62}"
EndProject
Project("{2150E333-8FDC-42A3-9474-1A3956D46DE8}") = "Clients", "Clients", "{0F55C5F5-4BD2-4040-A71F-B47C0E9789F8}"
EndProject
Project("{2150E333-8FDC-42A3-9474-1A3956D46DE8}") = "VisualStudio", "VisualStudio", "{F0AD8CA0-D82E-45C7-BB24-9FE32C4CCDA5}"
EndProject
Project("{FAE04EC0-301F-11D3-BF4B-00C04F79EFBC}") = "Logic", "Logic\Logic.csproj", "{1F8DFDED-338B-4FD8-950A-11C287455373}"
EndProject
Project("{FAE04EC0-301F-11D3-BF4B-00C04F79EFBC}") = "Presentation", "Presentation\Presentation.csproj", "{1209B622-4BAB-413A-A6A0-4EE05C8B2F02}"
EndProject
Project("{FAE04EC0-301F-11D3-BF4B-00C04F79EFBC}") = "Standalone", "Clients\Standalone\Standalone.csproj", "{56F223C0-727A-4024-A33C-01C6DAAFCF8B}"
EndProject
Project("{FAE04EC0-301F-11D3-BF4B-00C04F79EFBC}") = "Tests", "Tests\Tests.csproj", "{80FB344A-529D-4CE8-831B-2492D7DBEC24}"
EndProject
Project("{FAE04EC0-301F-11D3-BF4B-00C04F79EFBC}") = "VsixContainer", "Clients\VisualStudio\VsixContainer\VsixContainer.csproj", "{091833E0-7620-467C-AF4B-E1E746CBDF81}"
EndProject
Project("{317691C9-CF46-4AEE-B0E5-E193DEC63799}") = "Architecture", "Architecture\Architecture.archproj", "{7CCD7C74-9E89-496A-9A80-1697F8AE063A}"
EndProject
Global
	GlobalSection(SolutionConfigurationPlatforms) = preSolution
		Debug|Any CPU = Debug|Any CPU
		Release|Any CPU = Release|Any CPU
	EndGlobalSection
	GlobalSection(ProjectConfigurationPlatforms) = postSolution
		{F0DCF027-7BCF-4914-BA7D-5D7EF733CF5D}.Debug|Any CPU.ActiveCfg = Debug|Any CPU
		{F0DCF027-7BCF-4914-BA7D-5D7EF733CF5D}.Debug|Any CPU.Build.0 = Debug|Any CPU
		{F0DCF027-7BCF-4914-BA7D-5D7EF733CF5D}.Release|Any CPU.ActiveCfg = Release|Any CPU
		{F0DCF027-7BCF-4914-BA7D-5D7EF733CF5D}.Release|Any CPU.Build.0 = Release|Any CPU
		{D327C451-398C-4B19-804C-747444EF7F62}.Debug|Any CPU.ActiveCfg = Debug|Any CPU
		{D327C451-398C-4B19-804C-747444EF7F62}.Debug|Any CPU.Build.0 = Debug|Any CPU
		{D327C451-398C-4B19-804C-747444EF7F62}.Release|Any CPU.ActiveCfg = Release|Any CPU
		{D327C451-398C-4B19-804C-747444EF7F62}.Release|Any CPU.Build.0 = Release|Any CPU
		{1F8DFDED-338B-4FD8-950A-11C287455373}.Debug|Any CPU.ActiveCfg = Debug|Any CPU
		{1F8DFDED-338B-4FD8-950A-11C287455373}.Debug|Any CPU.Build.0 = Debug|Any CPU
		{1F8DFDED-338B-4FD8-950A-11C287455373}.Release|Any CPU.ActiveCfg = Release|Any CPU
		{1F8DFDED-338B-4FD8-950A-11C287455373}.Release|Any CPU.Build.0 = Release|Any CPU
		{1209B622-4BAB-413A-A6A0-4EE05C8B2F02}.Debug|Any CPU.ActiveCfg = Debug|Any CPU
		{1209B622-4BAB-413A-A6A0-4EE05C8B2F02}.Debug|Any CPU.Build.0 = Debug|Any CPU
		{1209B622-4BAB-413A-A6A0-4EE05C8B2F02}.Release|Any CPU.ActiveCfg = Release|Any CPU
		{1209B622-4BAB-413A-A6A0-4EE05C8B2F02}.Release|Any CPU.Build.0 = Release|Any CPU
		{56F223C0-727A-4024-A33C-01C6DAAFCF8B}.Debug|Any CPU.ActiveCfg = Debug|Any CPU
		{56F223C0-727A-4024-A33C-01C6DAAFCF8B}.Debug|Any CPU.Build.0 = Debug|Any CPU
		{56F223C0-727A-4024-A33C-01C6DAAFCF8B}.Release|Any CPU.ActiveCfg = Release|Any CPU
		{56F223C0-727A-4024-A33C-01C6DAAFCF8B}.Release|Any CPU.Build.0 = Release|Any CPU
		{80FB344A-529D-4CE8-831B-2492D7DBEC24}.Debug|Any CPU.ActiveCfg = Debug|Any CPU
		{80FB344A-529D-4CE8-831B-2492D7DBEC24}.Debug|Any CPU.Build.0 = Debug|Any CPU
		{80FB344A-529D-4CE8-831B-2492D7DBEC24}.Release|Any CPU.ActiveCfg = Release|Any CPU
		{80FB344A-529D-4CE8-831B-2492D7DBEC24}.Release|Any CPU.Build.0 = Release|Any CPU
		{091833E0-7620-467C-AF4B-E1E746CBDF81}.Debug|Any CPU.ActiveCfg = Debug|Any CPU
		{091833E0-7620-467C-AF4B-E1E746CBDF81}.Debug|Any CPU.Build.0 = Debug|Any CPU
		{091833E0-7620-467C-AF4B-E1E746CBDF81}.Release|Any CPU.ActiveCfg = Release|Any CPU
		{091833E0-7620-467C-AF4B-E1E746CBDF81}.Release|Any CPU.Build.0 = Release|Any CPU
		{7CCD7C74-9E89-496A-9A80-1697F8AE063A}.Debug|Any CPU.ActiveCfg = Debug|Any CPU
		{7CCD7C74-9E89-496A-9A80-1697F8AE063A}.Debug|Any CPU.Build.0 = Debug|Any CPU
		{7CCD7C74-9E89-496A-9A80-1697F8AE063A}.Release|Any CPU.ActiveCfg = Release|Any CPU
		{7CCD7C74-9E89-496A-9A80-1697F8AE063A}.Release|Any CPU.Build.0 = Release|Any CPU
	EndGlobalSection
	GlobalSection(SolutionProperties) = preSolution
		HideSolutionNode = FALSE
	EndGlobalSection
	GlobalSection(NestedProjects) = preSolution
		{F0DCF027-7BCF-4914-BA7D-5D7EF733CF5D} = {F0AD8CA0-D82E-45C7-BB24-9FE32C4CCDA5}
		{D327C451-398C-4B19-804C-747444EF7F62} = {F0AD8CA0-D82E-45C7-BB24-9FE32C4CCDA5}
		{F0AD8CA0-D82E-45C7-BB24-9FE32C4CCDA5} = {0F55C5F5-4BD2-4040-A71F-B47C0E9789F8}
		{56F223C0-727A-4024-A33C-01C6DAAFCF8B} = {0F55C5F5-4BD2-4040-A71F-B47C0E9789F8}
		{091833E0-7620-467C-AF4B-E1E746CBDF81} = {F0AD8CA0-D82E-45C7-BB24-9FE32C4CCDA5}
	EndGlobalSection
EndGlobal
