
Microsoft Visual Studio Solution File, Format Version 12.00
# Visual Studio 14
VisualStudioVersion = 14.0.23107.0
MinimumVisualStudioVersion = 10.0.40219.1
Project("{FAE04EC0-301F-11D3-BF4B-00C04F79EFBC}") = "LayoutTesting", "LayoutTesting\LayoutTesting.csproj", "{CCFC8C78-DF35-4B3D-9452-851C082AD312}"
EndProject
Project("{FAE04EC0-301F-11D3-BF4B-00C04F79EFBC}") = "Console", "Console\Console.csproj", "{04B307A9-3602-43AC-BE7F-AC5353309DA2}"
EndProject
Global
	GlobalSection(SolutionConfigurationPlatforms) = preSolution
		Debug|Any CPU = Debug|Any CPU
		Release|Any CPU = Release|Any CPU
	EndGlobalSection
	GlobalSection(ProjectConfigurationPlatforms) = postSolution
		{CCFC8C78-DF35-4B3D-9452-851C082AD312}.Debug|Any CPU.ActiveCfg = Debug|Any CPU
		{CCFC8C78-DF35-4B3D-9452-851C082AD312}.Debug|Any CPU.Build.0 = Debug|Any CPU
		{CCFC8C78-DF35-4B3D-9452-851C082AD312}.Release|Any CPU.ActiveCfg = Release|Any CPU
		{CCFC8C78-DF35-4B3D-9452-851C082AD312}.Release|Any CPU.Build.0 = Release|Any CPU
		{04B307A9-3602-43AC-BE7F-AC5353309DA2}.Debug|Any CPU.ActiveCfg = Debug|Any CPU
		{04B307A9-3602-43AC-BE7F-AC5353309DA2}.Debug|Any CPU.Build.0 = Debug|Any CPU
		{04B307A9-3602-43AC-BE7F-AC5353309DA2}.Release|Any CPU.ActiveCfg = Release|Any CPU
		{04B307A9-3602-43AC-BE7F-AC5353309DA2}.Release|Any CPU.Build.0 = Release|Any CPU
	EndGlobalSection
	GlobalSection(SolutionProperties) = preSolution
		HideSolutionNode = FALSE
	EndGlobalSection
EndGlobal
