
Microsoft Visual Studio Solution File, Format Version 12.00
# Visual Studio 14
VisualStudioVersion = 14.0.24720.0
MinimumVisualStudioVersion = 10.0.40219.1
Project("{2150E333-8FDC-42A3-9474-1A3956D46DE8}") = "FolderA", "FolderA", "{BB7E5715-C32F-48D3-A7D5-289DE492E035}"
EndProject
Project("{2150E333-8FDC-42A3-9474-1A3956D46DE8}") = "FolderAB", "FolderAB", "{DFE28C67-4EB1-41D0-8B5B-BFA870D4282D}"
EndProject
Project("{FAE04EC0-301F-11D3-BF4B-00C04F79EFBC}") = "ClassLibrary1", "ClassLibrary1\ClassLibrary1.csproj", "{50E7FDA5-7AB3-4966-BA6C-286C49B798F9}"
EndProject
Global
	GlobalSection(SolutionConfigurationPlatforms) = preSolution
		Debug|Any CPU = Debug|Any CPU
		Release|Any CPU = Release|Any CPU
	EndGlobalSection
	GlobalSection(ProjectConfigurationPlatforms) = postSolution
		{50E7FDA5-7AB3-4966-BA6C-286C49B798F9}.Debug|Any CPU.ActiveCfg = Debug|Any CPU
		{50E7FDA5-7AB3-4966-BA6C-286C49B798F9}.Debug|Any CPU.Build.0 = Debug|Any CPU
		{50E7FDA5-7AB3-4966-BA6C-286C49B798F9}.Release|Any CPU.ActiveCfg = Release|Any CPU
		{50E7FDA5-7AB3-4966-BA6C-286C49B798F9}.Release|Any CPU.Build.0 = Release|Any CPU
	EndGlobalSection
	GlobalSection(SolutionProperties) = preSolution
		HideSolutionNode = FALSE
	EndGlobalSection
	GlobalSection(NestedProjects) = preSolution
		{DFE28C67-4EB1-41D0-8B5B-BFA870D4282D} = {BB7E5715-C32F-48D3-A7D5-289DE492E035}
		{50E7FDA5-7AB3-4966-BA6C-286C49B798F9} = {DFE28C67-4EB1-41D0-8B5B-BFA870D4282D}
	EndGlobalSection
EndGlobal
